// !$*UTF8*$!
{
	archiveVersion = 1;
	classes = {
	};
	objectVersion = 46;
	objects = {

/* Begin PBXBuildFile section */
		CEBEAEF01F20A53500FAC6AB /* AppDelegate.swift in Sources */ = {isa = PBXBuildFile; fileRef = CEBEAEEF1F20A53500FAC6AB /* AppDelegate.swift */; };
		CEBEAEF21F20A53500FAC6AB /* GameScene.sks in Resources */ = {isa = PBXBuildFile; fileRef = CEBEAEF11F20A53500FAC6AB /* GameScene.sks */; };
		CEBEAEF41F20A53500FAC6AB /* Actions.sks in Resources */ = {isa = PBXBuildFile; fileRef = CEBEAEF31F20A53500FAC6AB /* Actions.sks */; };
		CEBEAEF61F20A53500FAC6AB /* GameScene.swift in Sources */ = {isa = PBXBuildFile; fileRef = CEBEAEF51F20A53500FAC6AB /* GameScene.swift */; };
		CEBEAEF81F20A53500FAC6AB /* GameViewController.swift in Sources */ = {isa = PBXBuildFile; fileRef = CEBEAEF71F20A53500FAC6AB /* GameViewController.swift */; };
		CEBEAEFB1F20A53500FAC6AB /* Main.storyboard in Resources */ = {isa = PBXBuildFile; fileRef = CEBEAEF91F20A53500FAC6AB /* Main.storyboard */; };
		CEBEAEFD1F20A53500FAC6AB /* Assets.xcassets in Resources */ = {isa = PBXBuildFile; fileRef = CEBEAEFC1F20A53500FAC6AB /* Assets.xcassets */; };
		CEBEAF001F20A53500FAC6AB /* LaunchScreen.storyboard in Resources */ = {isa = PBXBuildFile; fileRef = CEBEAEFE1F20A53500FAC6AB /* LaunchScreen.storyboard */; };
/* End PBXBuildFile section */

/* Begin PBXFileReference section */
		CEBEAEEC1F20A53500FAC6AB /* pong.app */ = {isa = PBXFileReference; explicitFileType = wrapper.application; includeInIndex = 0; path = pong.app; sourceTree = BUILT_PRODUCTS_DIR; };
		CEBEAEEF1F20A53500FAC6AB /* AppDelegate.swift */ = {isa = PBXFileReference; lastKnownFileType = sourcecode.swift; path = AppDelegate.swift; sourceTree = "<group>"; };
		CEBEAEF11F20A53500FAC6AB /* GameScene.sks */ = {isa = PBXFileReference; lastKnownFileType = file.sks; path = GameScene.sks; sourceTree = "<group>"; };
		CEBEAEF31F20A53500FAC6AB /* Actions.sks */ = {isa = PBXFileReference; lastKnownFileType = file.sks; path = Actions.sks; sourceTree = "<group>"; };
		CEBEAEF51F20A53500FAC6AB /* GameScene.swift */ = {isa = PBXFileReference; lastKnownFileType = sourcecode.swift; path = GameScene.swift; sourceTree = "<group>"; };
		CEBEAEF71F20A53500FAC6AB /* GameViewController.swift */ = {isa = PBXFileReference; lastKnownFileType = sourcecode.swift; path = GameViewController.swift; sourceTree = "<group>"; };
		CEBEAEFA1F20A53500FAC6AB /* Base */ = {isa = PBXFileReference; lastKnownFileType = file.storyboard; name = Base; path = Base.lproj/Main.storyboard; sourceTree = "<group>"; };
		CEBEAEFC1F20A53500FAC6AB /* Assets.xcassets */ = {isa = PBXFileReference; lastKnownFileType = folder.assetcatalog; path = Assets.xcassets; sourceTree = "<group>"; };
		CEBEAEFF1F20A53500FAC6AB /* Base */ = {isa = PBXFileReference; lastKnownFileType = file.storyboard; name = Base; path = Base.lproj/LaunchScreen.storyboard; sourceTree = "<group>"; };
		CEBEAF011F20A53500FAC6AB /* Info.plist */ = {isa = PBXFileReference; lastKnownFileType = text.plist.xml; path = Info.plist; sourceTree = "<group>"; };
/* End PBXFileReference section */

/* Begin PBXFrameworksBuildPhase section */
		CEBEAEE91F20A53500FAC6AB /* Frameworks */ = {
			isa = PBXFrameworksBuildPhase;
			buildActionMask = 2147483647;
			files = (
			);
			runOnlyForDeploymentPostprocessing = 0;
		};
/* End PBXFrameworksBuildPhase section */

/* Begin PBXGroup section */
		CEBEAEE31F20A53500FAC6AB = {
			isa = PBXGroup;
			children = (
				CEBEAEEE1F20A53500FAC6AB /* pong */,
				CEBEAEED1F20A53500FAC6AB /* Products */,
			);
			sourceTree = "<group>";
		};
		CEBEAEED1F20A53500FAC6AB /* Products */ = {
			isa = PBXGroup;
			children = (
				CEBEAEEC1F20A53500FAC6AB /* pong.app */,
			);
			name = Products;
			sourceTree = "<group>";
		};
		CEBEAEEE1F20A53500FAC6AB /* pong */ = {
			isa = PBXGroup;
			children = (
				CEBEAEEF1F20A53500FAC6AB /* AppDelegate.swift */,
				CEBEAEF11F20A53500FAC6AB /* GameScene.sks */,
				CEBEAEF31F20A53500FAC6AB /* Actions.sks */,
				CEBEAEF51F20A53500FAC6AB /* GameScene.swift */,
				CEBEAEF71F20A53500FAC6AB /* GameViewController.swift */,
				CEBEAEF91F20A53500FAC6AB /* Main.storyboard */,
				CEBEAEFC1F20A53500FAC6AB /* Assets.xcassets */,
				CEBEAEFE1F20A53500FAC6AB /* LaunchScreen.storyboard */,
				CEBEAF011F20A53500FAC6AB /* Info.plist */,
			);
			path = pong;
			sourceTree = "<group>";
		};
/* End PBXGroup section */

/* Begin PBXNativeTarget section */
		CEBEAEEB1F20A53500FAC6AB /* pong */ = {
			isa = PBXNativeTarget;
			buildConfigurationList = CEBEAF041F20A53500FAC6AB /* Build configuration list for PBXNativeTarget "pong" */;
			buildPhases = (
				CEBEAEE81F20A53500FAC6AB /* Sources */,
				CEBEAEE91F20A53500FAC6AB /* Frameworks */,
				CEBEAEEA1F20A53500FAC6AB /* Resources */,
			);
			buildRules = (
			);
			dependencies = (
			);
			name = pong;
			productName = pong;
			productReference = CEBEAEEC1F20A53500FAC6AB /* pong.app */;
			productType = "com.apple.product-type.application";
		};
/* End PBXNativeTarget section */

/* Begin PBXProject section */
		CEBEAEE41F20A53500FAC6AB /* Project object */ = {
			isa = PBXProject;
			attributes = {
				LastSwiftUpdateCheck = 0830;
				LastUpgradeCheck = 0830;
				ORGANIZATIONNAME = "Yuna Seol";
				TargetAttributes = {
					CEBEAEEB1F20A53500FAC6AB = {
						CreatedOnToolsVersion = 8.3.3;
						DevelopmentTeam = A42DJ8H78Z;
						ProvisioningStyle = Automatic;
					};
				};
			};
			buildConfigurationList = CEBEAEE71F20A53500FAC6AB /* Build configuration list for PBXProject "pong" */;
			compatibilityVersion = "Xcode 3.2";
			developmentRegion = English;
			hasScannedForEncodings = 0;
			knownRegions = (
				en,
				Base,
			);
			mainGroup = CEBEAEE31F20A53500FAC6AB;
			productRefGroup = CEBEAEED1F20A53500FAC6AB /* Products */;
			projectDirPath = "";
			projectRoot = "";
			targets = (
				CEBEAEEB1F20A53500FAC6AB /* pong */,
			);
		};
/* End PBXProject section */

/* Begin PBXResourcesBuildPhase section */
		CEBEAEEA1F20A53500FAC6AB /* Resources */ = {
			isa = PBXResourcesBuildPhase;
			buildActionMask = 2147483647;
			files = (
				CEBEAEFB1F20A53500FAC6AB /* Main.storyboard in Resources */,
				CEBEAEF21F20A53500FAC6AB /* GameScene.sks in Resources */,
				CEBEAEFD1F20A53500FAC6AB /* Assets.xcassets in Resources */,
				CEBEAF001F20A53500FAC6AB /* LaunchScreen.storyboard in Resources */,
				CEBEAEF41F20A53500FAC6AB /* Actions.sks in Resources */,
			);
			runOnlyForDeploymentPostprocessing = 0;
		};
/* End PBXResourcesBuildPhase section */

/* Begin PBXSourcesBuildPhase section */
		CEBEAEE81F20A53500FAC6AB /* Sources */ = {
			isa = PBXSourcesBuildPhase;
			buildActionMask = 2147483647;
			files = (
				CEBEAEF61F20A53500FAC6AB /* GameScene.swift in Sources */,
				CEBEAEF81F20A53500FAC6AB /* GameViewController.swift in Sources */,
				CEBEAEF01F20A53500FAC6AB /* AppDelegate.swift in Sources */,
			);
			runOnlyForDeploymentPostprocessing = 0;
		};
/* End PBXSourcesBuildPhase section */

/* Begin PBXVariantGroup section */
		CEBEAEF91F20A53500FAC6AB /* Main.storyboard */ = {
			isa = PBXVariantGroup;
			children = (
				CEBEAEFA1F20A53500FAC6AB /* Base */,
			);
			name = Main.storyboard;
			sourceTree = "<group>";
		};
		CEBEAEFE1F20A53500FAC6AB /* LaunchScreen.storyboard */ = {
			isa = PBXVariantGroup;
			children = (
				CEBEAEFF1F20A53500FAC6AB /* Base */,
			);
			name = LaunchScreen.storyboard;
			sourceTree = "<group>";
		};
/* End PBXVariantGroup section */

/* Begin XCBuildConfiguration section */
		CEBEAF021F20A53500FAC6AB /* Debug */ = {
			isa = XCBuildConfiguration;
			buildSettings = {
				ALWAYS_SEARCH_USER_PATHS = NO;
				CLANG_ANALYZER_NONNULL = YES;
				CLANG_ANALYZER_NUMBER_OBJECT_CONVERSION = YES_AGGRESSIVE;
				CLANG_CXX_LANGUAGE_STANDARD = "gnu++0x";
				CLANG_CXX_LIBRARY = "libc++";
				CLANG_ENABLE_MODULES = YES;
				CLANG_ENABLE_OBJC_ARC = YES;
				CLANG_WARN_BOOL_CONVERSION = YES;
				CLANG_WARN_CONSTANT_CONVERSION = YES;
				CLANG_WARN_DIRECT_OBJC_ISA_USAGE = YES_ERROR;
				CLANG_WARN_DOCUMENTATION_COMMENTS = YES;
				CLANG_WARN_EMPTY_BODY = YES;
				CLANG_WARN_ENUM_CONVERSION = YES;
				CLANG_WARN_INFINITE_RECURSION = YES;
				CLANG_WARN_INT_CONVERSION = YES;
				CLANG_WARN_OBJC_ROOT_CLASS = YES_ERROR;
				CLANG_WARN_SUSPICIOUS_MOVE = YES;
				CLANG_WARN_UNREACHABLE_CODE = YES;
				CLANG_WARN__DUPLICATE_METHOD_MATCH = YES;
				"CODE_SIGN_IDENTITY[sdk=iphoneos*]" = "iPhone Developer";
				COPY_PHASE_STRIP = NO;
				DEBUG_INFORMATION_FORMAT = dwarf;
				ENABLE_STRICT_OBJC_MSGSEND = YES;
				ENABLE_TESTABILITY = YES;
				GCC_C_LANGUAGE_STANDARD = gnu99;
				GCC_DYNAMIC_NO_PIC = NO;
				GCC_NO_COMMON_BLOCKS = YES;
				GCC_OPTIMIZATION_LEVEL = 0;
				GCC_PREPROCESSOR_DEFINITIONS = (
					"DEBUG=1",
					"$(inherited)",
				);
				GCC_WARN_64_TO_32_BIT_CONVERSION = YES;
				GCC_WARN_ABOUT_RETURN_TYPE = YES_ERROR;
				GCC_WARN_UNDECLARED_SELECTOR = YES;
				GCC_WARN_UNINITIALIZED_AUTOS = YES_AGGRESSIVE;
				GCC_WARN_UNUSED_FUNCTION = YES;
				GCC_WARN_UNUSED_VARIABLE = YES;
				IPHONEOS_DEPLOYMENT_TARGET = 10.3;
				MTL_ENABLE_DEBUG_INFO = YES;
				ONLY_ACTIVE_ARCH = YES;
				SDKROOT = iphoneos;
				SWIFT_ACTIVE_COMPILATION_CONDITIONS = DEBUG;
				SWIFT_OPTIMIZATION_LEVEL = "-Onone";
			};
			name = Debug;
		};
		CEBEAF031F20A53500FAC6AB /* Release */ = {
			isa = XCBuildConfiguration;
			buildSettings = {
				ALWAYS_SEARCH_USER_PATHS = NO;
				CLANG_ANALYZER_NONNULL = YES;
				CLANG_ANALYZER_NUMBER_OBJECT_CONVERSION = YES_AGGRESSIVE;
				CLANG_CXX_LANGUAGE_STANDARD = "gnu++0x";
				CLANG_CXX_LIBRARY = "libc++";
				CLANG_ENABLE_MODULES = YES;
				CLANG_ENABLE_OBJC_ARC = YES;
				CLANG_WARN_BOOL_CONVERSION = YES;
				CLANG_WARN_CONSTANT_CONVERSION = YES;
				CLANG_WARN_DIRECT_OBJC_ISA_USAGE = YES_ERROR;
				CLANG_WARN_DOCUMENTATION_COMMENTS = YES;
				CLANG_WARN_EMPTY_BODY = YES;
				CLANG_WARN_ENUM_CONVERSION = YES;
				CLANG_WARN_INFINITE_RECURSION = YES;
				CLANG_WARN_INT_CONVERSION = YES;
				CLANG_WARN_OBJC_ROOT_CLASS = YES_ERROR;
				CLANG_WARN_SUSPICIOUS_MOVE = YES;
				CLANG_WARN_UNREACHABLE_CODE = YES;
				CLANG_WARN__DUPLICATE_METHOD_MATCH = YES;
				"CODE_SIGN_IDENTITY[sdk=iphoneos*]" = "iPhone Developer";
				COPY_PHASE_STRIP = NO;
				DEBUG_INFORMATION_FORMAT = "dwarf-with-dsym";
				ENABLE_NS_ASSERTIONS = NO;
				ENABLE_STRICT_OBJC_MSGSEND = YES;
				GCC_C_LANGUAGE_STANDARD = gnu99;
				GCC_NO_COMMON_BLOCKS = YES;
				GCC_WARN_64_TO_32_BIT_CONVERSION = YES;
				GCC_WARN_ABOUT_RETURN_TYPE = YES_ERROR;
				GCC_WARN_UNDECLARED_SELECTOR = YES;
				GCC_WARN_UNINITIALIZED_AUTOS = YES_AGGRESSIVE;
				GCC_WARN_UNUSED_FUNCTION = YES;
				GCC_WARN_UNUSED_VARIABLE = YES;
				IPHONEOS_DEPLOYMENT_TARGET = 10.3;
				MTL_ENABLE_DEBUG_INFO = NO;
				SDKROOT = iphoneos;
				SWIFT_OPTIMIZATION_LEVEL = "-Owholemodule";
				VALIDATE_PRODUCT = YES;
			};
			name = Release;
		};
		CEBEAF051F20A53500FAC6AB /* Debug */ = {
			isa = XCBuildConfiguration;
			buildSettings = {
				ASSETCATALOG_COMPILER_APPICON_NAME = AppIcon;
				DEVELOPMENT_TEAM = A42DJ8H78Z;
				INFOPLIST_FILE = pong/Info.plist;
				LD_RUNPATH_SEARCH_PATHS = "$(inherited) @executable_path/Frameworks";
				PRODUCT_BUNDLE_IDENTIFIER = com.yunaseol.pong;
				PRODUCT_NAME = "$(TARGET_NAME)";
				SWIFT_VERSION = 3.0;
			};
			name = Debug;
		};
		CEBEAF061F20A53500FAC6AB /* Release */ = {
			isa = XCBuildConfiguration;
			buildSettings = {
				ASSETCATALOG_COMPILER_APPICON_NAME = AppIcon;
				DEVELOPMENT_TEAM = A42DJ8H78Z;
				INFOPLIST_FILE = pong/Info.plist;
				LD_RUNPATH_SEARCH_PATHS = "$(inherited) @executable_path/Frameworks";
				PRODUCT_BUNDLE_IDENTIFIER = com.yunaseol.pong;
				PRODUCT_NAME = "$(TARGET_NAME)";
				SWIFT_VERSION = 3.0;
			};
			name = Release;
		};
/* End XCBuildConfiguration section */

/* Begin XCConfigurationList section */
		CEBEAEE71F20A53500FAC6AB /* Build configuration list for PBXProject "pong" */ = {
			isa = XCConfigurationList;
			buildConfigurations = (
				CEBEAF021F20A53500FAC6AB /* Debug */,
				CEBEAF031F20A53500FAC6AB /* Release */,
			);
			defaultConfigurationIsVisible = 0;
			defaultConfigurationName = Release;
		};
		CEBEAF041F20A53500FAC6AB /* Build configuration list for PBXNativeTarget "pong" */ = {
			isa = XCConfigurationList;
			buildConfigurations = (
				CEBEAF051F20A53500FAC6AB /* Debug */,
				CEBEAF061F20A53500FAC6AB /* Release */,
			);
			defaultConfigurationIsVisible = 0;
		};
/* End XCConfigurationList section */
	};
	rootObject = CEBEAEE41F20A53500FAC6AB /* Project object */;
}
